
Microsoft Visual Studio Solution File, Format Version 12.00
# Visual Studio Version 17
VisualStudioVersion = 17.9.34616.47
MinimumVisualStudioVersion = 10.0.40219.1
Project("{FAE04EC0-301F-11D3-BF4B-00C04F79EFBC}") = "modul8_1302223045", "modul8_1302223045\modul8_1302223045.csproj", "{25FE0D06-224A-402F-923F-EE90EEEAA4FA}"
EndProject
Global
	GlobalSection(SolutionConfigurationPlatforms) = preSolution
		Debug|Any CPU = Debug|Any CPU
		Release|Any CPU = Release|Any CPU
	EndGlobalSection
	GlobalSection(ProjectConfigurationPlatforms) = postSolution
		{25FE0D06-224A-402F-923F-EE90EEEAA4FA}.Debug|Any CPU.ActiveCfg = Debug|Any CPU
		{25FE0D06-224A-402F-923F-EE90EEEAA4FA}.Debug|Any CPU.Build.0 = Debug|Any CPU
		{25FE0D06-224A-402F-923F-EE90EEEAA4FA}.Release|Any CPU.ActiveCfg = Release|Any CPU
		{25FE0D06-224A-402F-923F-EE90EEEAA4FA}.Release|Any CPU.Build.0 = Release|Any CPU
	EndGlobalSection
	GlobalSection(SolutionProperties) = preSolution
		HideSolutionNode = FALSE
	EndGlobalSection
	GlobalSection(ExtensibilityGlobals) = postSolution
		SolutionGuid = {E6C21B26-AD07-4AA7-BFDC-57FCDBEB6358}
	EndGlobalSection
EndGlobal
